
Microsoft Visual Studio Solution File, Format Version 12.00
# Visual Studio Version 16
VisualStudioVersion = 16.0.30114.105
MinimumVisualStudioVersion = 10.0.40219.1
Project("{2150E333-8FDC-42A3-9474-1A3956D46DE8}") = "src", "src", "{3E5207BA-A371-4A26-B642-C281AF8D5BD6}"
EndProject
Project("{2150E333-8FDC-42A3-9474-1A3956D46DE8}") = "Consumers", "Consumers", "{EDEAE2FE-D329-4E7B-BD01-1D7F1A1E61EB}"
EndProject
Project("{FAE04EC0-301F-11D3-BF4B-00C04F79EFBC}") = "Api", "src\Consumers\Api\Api.csproj", "{4F6BA6E6-E2F8-4196-9BF5-BE438D9208F1}"
EndProject
Project("{2150E333-8FDC-42A3-9474-1A3956D46DE8}") = "Adapters", "Adapters", "{04B59F9B-0B0A-4116-9A1E-16C21E416910}"
EndProject
Project("{FAE04EC0-301F-11D3-BF4B-00C04F79EFBC}") = "Data", "src\Adapters\Data\Data.csproj", "{E056EA05-ABA4-498F-9982-5821E9740C77}"
EndProject
Project("{2150E333-8FDC-42A3-9474-1A3956D46DE8}") = "Core", "Core", "{EE886781-AE45-4E81-85C5-DD8DA2C298D4}"
EndProject
Project("{FAE04EC0-301F-11D3-BF4B-00C04F79EFBC}") = "Application", "src\Core\Application\Application.csproj", "{E774CF99-96F0-4B8C-8B84-5CCA0C156DBB}"
EndProject
Project("{FAE04EC0-301F-11D3-BF4B-00C04F79EFBC}") = "Domain", "src\Core\Domain\Domain.csproj", "{39565048-B7C9-42FA-9F99-FF8DD09096FE}"
EndProject
Global
	GlobalSection(SolutionConfigurationPlatforms) = preSolution
		Debug|Any CPU = Debug|Any CPU
		Release|Any CPU = Release|Any CPU
	EndGlobalSection
	GlobalSection(SolutionProperties) = preSolution
		HideSolutionNode = FALSE
	EndGlobalSection
	GlobalSection(ProjectConfigurationPlatforms) = postSolution
		{4F6BA6E6-E2F8-4196-9BF5-BE438D9208F1}.Debug|Any CPU.ActiveCfg = Debug|Any CPU
		{4F6BA6E6-E2F8-4196-9BF5-BE438D9208F1}.Debug|Any CPU.Build.0 = Debug|Any CPU
		{4F6BA6E6-E2F8-4196-9BF5-BE438D9208F1}.Release|Any CPU.ActiveCfg = Release|Any CPU
		{4F6BA6E6-E2F8-4196-9BF5-BE438D9208F1}.Release|Any CPU.Build.0 = Release|Any CPU
		{E056EA05-ABA4-498F-9982-5821E9740C77}.Debug|Any CPU.ActiveCfg = Debug|Any CPU
		{E056EA05-ABA4-498F-9982-5821E9740C77}.Debug|Any CPU.Build.0 = Debug|Any CPU
		{E056EA05-ABA4-498F-9982-5821E9740C77}.Release|Any CPU.ActiveCfg = Release|Any CPU
		{E056EA05-ABA4-498F-9982-5821E9740C77}.Release|Any CPU.Build.0 = Release|Any CPU
		{E774CF99-96F0-4B8C-8B84-5CCA0C156DBB}.Debug|Any CPU.ActiveCfg = Debug|Any CPU
		{E774CF99-96F0-4B8C-8B84-5CCA0C156DBB}.Debug|Any CPU.Build.0 = Debug|Any CPU
		{E774CF99-96F0-4B8C-8B84-5CCA0C156DBB}.Release|Any CPU.ActiveCfg = Release|Any CPU
		{E774CF99-96F0-4B8C-8B84-5CCA0C156DBB}.Release|Any CPU.Build.0 = Release|Any CPU
		{39565048-B7C9-42FA-9F99-FF8DD09096FE}.Debug|Any CPU.ActiveCfg = Debug|Any CPU
		{39565048-B7C9-42FA-9F99-FF8DD09096FE}.Debug|Any CPU.Build.0 = Debug|Any CPU
		{39565048-B7C9-42FA-9F99-FF8DD09096FE}.Release|Any CPU.ActiveCfg = Release|Any CPU
		{39565048-B7C9-42FA-9F99-FF8DD09096FE}.Release|Any CPU.Build.0 = Release|Any CPU
	EndGlobalSection
	GlobalSection(NestedProjects) = preSolution
		{EDEAE2FE-D329-4E7B-BD01-1D7F1A1E61EB} = {3E5207BA-A371-4A26-B642-C281AF8D5BD6}
		{4F6BA6E6-E2F8-4196-9BF5-BE438D9208F1} = {EDEAE2FE-D329-4E7B-BD01-1D7F1A1E61EB}
		{04B59F9B-0B0A-4116-9A1E-16C21E416910} = {3E5207BA-A371-4A26-B642-C281AF8D5BD6}
		{E056EA05-ABA4-498F-9982-5821E9740C77} = {04B59F9B-0B0A-4116-9A1E-16C21E416910}
		{EE886781-AE45-4E81-85C5-DD8DA2C298D4} = {3E5207BA-A371-4A26-B642-C281AF8D5BD6}
		{E774CF99-96F0-4B8C-8B84-5CCA0C156DBB} = {EE886781-AE45-4E81-85C5-DD8DA2C298D4}
		{39565048-B7C9-42FA-9F99-FF8DD09096FE} = {EE886781-AE45-4E81-85C5-DD8DA2C298D4}
	EndGlobalSection
EndGlobal
